
Microsoft Visual Studio Solution File, Format Version 12.00
# Visual Studio 15
VisualStudioVersion = 15.0.26124.0
MinimumVisualStudioVersion = 15.0.26124.0
Project("{FAE04EC0-301F-11D3-BF4B-00C04F79EFBC}") = "webapi.data", "webapi.data\webapi.data.csproj", "{B885C971-AA64-47DA-A9B9-240B1CDB66B5}"
EndProject
Project("{FAE04EC0-301F-11D3-BF4B-00C04F79EFBC}") = "webapi.business", "webapi.business\webapi.business.csproj", "{FE5CEB2F-2B99-4233-BEBA-51BF160B70CD}"
EndProject
Project("{FAE04EC0-301F-11D3-BF4B-00C04F79EFBC}") = "webapi.api", "webapi.api\webapi.api.csproj", "{FD50A1B9-2F9C-47C8-9AE8-74AE47618DAE}"
EndProject
Project("{FAE04EC0-301F-11D3-BF4B-00C04F79EFBC}") = "webapi.core", "webapi.core\webapi.core.csproj", "{F0248FBC-213D-49A6-B969-75AAA6407BA0}"
EndProject
Project("{FAE04EC0-301F-11D3-BF4B-00C04F79EFBC}") = "webapi.domain", "webapi.domain\webapi.domain.csproj", "{7690F88F-2140-4A8F-BF48-066AED23444D}"
EndProject
Global
	GlobalSection(SolutionConfigurationPlatforms) = preSolution
		Debug|Any CPU = Debug|Any CPU
		Debug|x64 = Debug|x64
		Debug|x86 = Debug|x86
		Release|Any CPU = Release|Any CPU
		Release|x64 = Release|x64
		Release|x86 = Release|x86
	EndGlobalSection
	GlobalSection(SolutionProperties) = preSolution
		HideSolutionNode = FALSE
	EndGlobalSection
	GlobalSection(ProjectConfigurationPlatforms) = postSolution
		{B885C971-AA64-47DA-A9B9-240B1CDB66B5}.Debug|Any CPU.ActiveCfg = Debug|Any CPU
		{B885C971-AA64-47DA-A9B9-240B1CDB66B5}.Debug|Any CPU.Build.0 = Debug|Any CPU
		{B885C971-AA64-47DA-A9B9-240B1CDB66B5}.Debug|x64.ActiveCfg = Debug|Any CPU
		{B885C971-AA64-47DA-A9B9-240B1CDB66B5}.Debug|x64.Build.0 = Debug|Any CPU
		{B885C971-AA64-47DA-A9B9-240B1CDB66B5}.Debug|x86.ActiveCfg = Debug|Any CPU
		{B885C971-AA64-47DA-A9B9-240B1CDB66B5}.Debug|x86.Build.0 = Debug|Any CPU
		{B885C971-AA64-47DA-A9B9-240B1CDB66B5}.Release|Any CPU.ActiveCfg = Release|Any CPU
		{B885C971-AA64-47DA-A9B9-240B1CDB66B5}.Release|Any CPU.Build.0 = Release|Any CPU
		{B885C971-AA64-47DA-A9B9-240B1CDB66B5}.Release|x64.ActiveCfg = Release|Any CPU
		{B885C971-AA64-47DA-A9B9-240B1CDB66B5}.Release|x64.Build.0 = Release|Any CPU
		{B885C971-AA64-47DA-A9B9-240B1CDB66B5}.Release|x86.ActiveCfg = Release|Any CPU
		{B885C971-AA64-47DA-A9B9-240B1CDB66B5}.Release|x86.Build.0 = Release|Any CPU
		{FE5CEB2F-2B99-4233-BEBA-51BF160B70CD}.Debug|Any CPU.ActiveCfg = Debug|Any CPU
		{FE5CEB2F-2B99-4233-BEBA-51BF160B70CD}.Debug|Any CPU.Build.0 = Debug|Any CPU
		{FE5CEB2F-2B99-4233-BEBA-51BF160B70CD}.Debug|x64.ActiveCfg = Debug|Any CPU
		{FE5CEB2F-2B99-4233-BEBA-51BF160B70CD}.Debug|x64.Build.0 = Debug|Any CPU
		{FE5CEB2F-2B99-4233-BEBA-51BF160B70CD}.Debug|x86.ActiveCfg = Debug|Any CPU
		{FE5CEB2F-2B99-4233-BEBA-51BF160B70CD}.Debug|x86.Build.0 = Debug|Any CPU
		{FE5CEB2F-2B99-4233-BEBA-51BF160B70CD}.Release|Any CPU.ActiveCfg = Release|Any CPU
		{FE5CEB2F-2B99-4233-BEBA-51BF160B70CD}.Release|Any CPU.Build.0 = Release|Any CPU
		{FE5CEB2F-2B99-4233-BEBA-51BF160B70CD}.Release|x64.ActiveCfg = Release|Any CPU
		{FE5CEB2F-2B99-4233-BEBA-51BF160B70CD}.Release|x64.Build.0 = Release|Any CPU
		{FE5CEB2F-2B99-4233-BEBA-51BF160B70CD}.Release|x86.ActiveCfg = Release|Any CPU
		{FE5CEB2F-2B99-4233-BEBA-51BF160B70CD}.Release|x86.Build.0 = Release|Any CPU
		{FD50A1B9-2F9C-47C8-9AE8-74AE47618DAE}.Debug|Any CPU.ActiveCfg = Debug|Any CPU
		{FD50A1B9-2F9C-47C8-9AE8-74AE47618DAE}.Debug|Any CPU.Build.0 = Debug|Any CPU
		{FD50A1B9-2F9C-47C8-9AE8-74AE47618DAE}.Debug|x64.ActiveCfg = Debug|Any CPU
		{FD50A1B9-2F9C-47C8-9AE8-74AE47618DAE}.Debug|x64.Build.0 = Debug|Any CPU
		{FD50A1B9-2F9C-47C8-9AE8-74AE47618DAE}.Debug|x86.ActiveCfg = Debug|Any CPU
		{FD50A1B9-2F9C-47C8-9AE8-74AE47618DAE}.Debug|x86.Build.0 = Debug|Any CPU
		{FD50A1B9-2F9C-47C8-9AE8-74AE47618DAE}.Release|Any CPU.ActiveCfg = Release|Any CPU
		{FD50A1B9-2F9C-47C8-9AE8-74AE47618DAE}.Release|Any CPU.Build.0 = Release|Any CPU
		{FD50A1B9-2F9C-47C8-9AE8-74AE47618DAE}.Release|x64.ActiveCfg = Release|Any CPU
		{FD50A1B9-2F9C-47C8-9AE8-74AE47618DAE}.Release|x64.Build.0 = Release|Any CPU
		{FD50A1B9-2F9C-47C8-9AE8-74AE47618DAE}.Release|x86.ActiveCfg = Release|Any CPU
		{FD50A1B9-2F9C-47C8-9AE8-74AE47618DAE}.Release|x86.Build.0 = Release|Any CPU
		{F0248FBC-213D-49A6-B969-75AAA6407BA0}.Debug|Any CPU.ActiveCfg = Debug|Any CPU
		{F0248FBC-213D-49A6-B969-75AAA6407BA0}.Debug|Any CPU.Build.0 = Debug|Any CPU
		{F0248FBC-213D-49A6-B969-75AAA6407BA0}.Debug|x64.ActiveCfg = Debug|Any CPU
		{F0248FBC-213D-49A6-B969-75AAA6407BA0}.Debug|x64.Build.0 = Debug|Any CPU
		{F0248FBC-213D-49A6-B969-75AAA6407BA0}.Debug|x86.ActiveCfg = Debug|Any CPU
		{F0248FBC-213D-49A6-B969-75AAA6407BA0}.Debug|x86.Build.0 = Debug|Any CPU
		{F0248FBC-213D-49A6-B969-75AAA6407BA0}.Release|Any CPU.ActiveCfg = Release|Any CPU
		{F0248FBC-213D-49A6-B969-75AAA6407BA0}.Release|Any CPU.Build.0 = Release|Any CPU
		{F0248FBC-213D-49A6-B969-75AAA6407BA0}.Release|x64.ActiveCfg = Release|Any CPU
		{F0248FBC-213D-49A6-B969-75AAA6407BA0}.Release|x64.Build.0 = Release|Any CPU
		{F0248FBC-213D-49A6-B969-75AAA6407BA0}.Release|x86.ActiveCfg = Release|Any CPU
		{F0248FBC-213D-49A6-B969-75AAA6407BA0}.Release|x86.Build.0 = Release|Any CPU
		{7690F88F-2140-4A8F-BF48-066AED23444D}.Debug|Any CPU.ActiveCfg = Debug|Any CPU
		{7690F88F-2140-4A8F-BF48-066AED23444D}.Debug|Any CPU.Build.0 = Debug|Any CPU
		{7690F88F-2140-4A8F-BF48-066AED23444D}.Debug|x64.ActiveCfg = Debug|Any CPU
		{7690F88F-2140-4A8F-BF48-066AED23444D}.Debug|x64.Build.0 = Debug|Any CPU
		{7690F88F-2140-4A8F-BF48-066AED23444D}.Debug|x86.ActiveCfg = Debug|Any CPU
		{7690F88F-2140-4A8F-BF48-066AED23444D}.Debug|x86.Build.0 = Debug|Any CPU
		{7690F88F-2140-4A8F-BF48-066AED23444D}.Release|Any CPU.ActiveCfg = Release|Any CPU
		{7690F88F-2140-4A8F-BF48-066AED23444D}.Release|Any CPU.Build.0 = Release|Any CPU
		{7690F88F-2140-4A8F-BF48-066AED23444D}.Release|x64.ActiveCfg = Release|Any CPU
		{7690F88F-2140-4A8F-BF48-066AED23444D}.Release|x64.Build.0 = Release|Any CPU
		{7690F88F-2140-4A8F-BF48-066AED23444D}.Release|x86.ActiveCfg = Release|Any CPU
		{7690F88F-2140-4A8F-BF48-066AED23444D}.Release|x86.Build.0 = Release|Any CPU
	EndGlobalSection
EndGlobal
