
Microsoft Visual Studio Solution File, Format Version 12.00
# Visual Studio 15
Project("{FAE04EC0-301F-11D3-BF4B-00C04F79EFBC}") = "webapi", "webapi\webapi.csproj", "{AA5720A8-5F7B-4489-9CA8-71CAEDC7991E}"
EndProject
Project("{FAE04EC0-301F-11D3-BF4B-00C04F79EFBC}") = "DataAccess", "DataAccess\DataAccess.csproj", "{4745C8E3-3859-4C7A-80A5-2ABBE115A824}"
EndProject
Project("{FAE04EC0-301F-11D3-BF4B-00C04F79EFBC}") = "BusinessLogic", "BusinessLogic\BusinessLogic.csproj", "{F7CFD479-4908-41B5-83B3-0A03B8BCFE7D}"
EndProject
Project("{FAE04EC0-301F-11D3-BF4B-00C04F79EFBC}") = "Core", "Core\Core.csproj", "{C764E787-C711-49A7-95E6-A8B57B461253}"
EndProject
Global
	GlobalSection(SolutionConfigurationPlatforms) = preSolution
		Debug|Any CPU = Debug|Any CPU
		Release|Any CPU = Release|Any CPU
	EndGlobalSection
	GlobalSection(ProjectConfigurationPlatforms) = postSolution
		{AA5720A8-5F7B-4489-9CA8-71CAEDC7991E}.Debug|Any CPU.ActiveCfg = Debug|Any CPU
		{AA5720A8-5F7B-4489-9CA8-71CAEDC7991E}.Debug|Any CPU.Build.0 = Debug|Any CPU
		{AA5720A8-5F7B-4489-9CA8-71CAEDC7991E}.Release|Any CPU.ActiveCfg = Release|Any CPU
		{AA5720A8-5F7B-4489-9CA8-71CAEDC7991E}.Release|Any CPU.Build.0 = Release|Any CPU
		{4745C8E3-3859-4C7A-80A5-2ABBE115A824}.Debug|Any CPU.ActiveCfg = Debug|Any CPU
		{4745C8E3-3859-4C7A-80A5-2ABBE115A824}.Debug|Any CPU.Build.0 = Debug|Any CPU
		{4745C8E3-3859-4C7A-80A5-2ABBE115A824}.Release|Any CPU.ActiveCfg = Release|Any CPU
		{4745C8E3-3859-4C7A-80A5-2ABBE115A824}.Release|Any CPU.Build.0 = Release|Any CPU
		{F7CFD479-4908-41B5-83B3-0A03B8BCFE7D}.Debug|Any CPU.ActiveCfg = Debug|Any CPU
		{F7CFD479-4908-41B5-83B3-0A03B8BCFE7D}.Debug|Any CPU.Build.0 = Debug|Any CPU
		{F7CFD479-4908-41B5-83B3-0A03B8BCFE7D}.Release|Any CPU.ActiveCfg = Release|Any CPU
		{F7CFD479-4908-41B5-83B3-0A03B8BCFE7D}.Release|Any CPU.Build.0 = Release|Any CPU
		{C764E787-C711-49A7-95E6-A8B57B461253}.Debug|Any CPU.ActiveCfg = Debug|Any CPU
		{C764E787-C711-49A7-95E6-A8B57B461253}.Debug|Any CPU.Build.0 = Debug|Any CPU
		{C764E787-C711-49A7-95E6-A8B57B461253}.Release|Any CPU.ActiveCfg = Release|Any CPU
		{C764E787-C711-49A7-95E6-A8B57B461253}.Release|Any CPU.Build.0 = Release|Any CPU
	EndGlobalSection
EndGlobal
